
Microsoft Visual Studio Solution File, Format Version 12.00
# Visual Studio Version 17
VisualStudioVersion = 17.11.35327.3
MinimumVisualStudioVersion = 10.0.40219.1
Project("{FAE04EC0-301F-11D3-BF4B-00C04F79EFBC}") = "cena paliva za litr", "cena paliva za litr\cena paliva za litr.csproj", "{8A5E7097-3C31-43A1-A3C4-B276611FE329}"
EndProject
Global
	GlobalSection(SolutionConfigurationPlatforms) = preSolution
		Debug|Any CPU = Debug|Any CPU
		Release|Any CPU = Release|Any CPU
	EndGlobalSection
	GlobalSection(ProjectConfigurationPlatforms) = postSolution
		{8A5E7097-3C31-43A1-A3C4-B276611FE329}.Debug|Any CPU.ActiveCfg = Debug|Any CPU
		{8A5E7097-3C31-43A1-A3C4-B276611FE329}.Debug|Any CPU.Build.0 = Debug|Any CPU
		{8A5E7097-3C31-43A1-A3C4-B276611FE329}.Release|Any CPU.ActiveCfg = Release|Any CPU
		{8A5E7097-3C31-43A1-A3C4-B276611FE329}.Release|Any CPU.Build.0 = Release|Any CPU
	EndGlobalSection
	GlobalSection(SolutionProperties) = preSolution
		HideSolutionNode = FALSE
	EndGlobalSection
	GlobalSection(ExtensibilityGlobals) = postSolution
		SolutionGuid = {2001D9C2-6BBB-4C65-9B75-6B43F34CEBD4}
	EndGlobalSection
EndGlobal
